// !$*UTF8*$!
{
	archiveVersion = 1;
	classes = {
	};
	objectVersion = 46;
	objects = {

/* Begin PBXBuildFile section */
		00207B581960232C003E72AF /* Foundation.framework in Frameworks */ = {isa = PBXBuildFile; fileRef = 00207B571960232C003E72AF /* Foundation.framework */; };
		00207B5A1960232C003E72AF /* CoreGraphics.framework in Frameworks */ = {isa = PBXBuildFile; fileRef = 00207B591960232C003E72AF /* CoreGraphics.framework */; };
		00207B5C1960232C003E72AF /* UIKit.framework in Frameworks */ = {isa = PBXBuildFile; fileRef = 00207B5B1960232C003E72AF /* UIKit.framework */; };
		00207B621960232C003E72AF /* InfoPlist.strings in Resources */ = {isa = PBXBuildFile; fileRef = 00207B601960232C003E72AF /* InfoPlist.strings */; };
		00207B641960232C003E72AF /* main.m in Sources */ = {isa = PBXBuildFile; fileRef = 00207B631960232C003E72AF /* main.m */; };
		00207B681960232C003E72AF /* AppDelegate.m in Sources */ = {isa = PBXBuildFile; fileRef = 00207B671960232C003E72AF /* AppDelegate.m */; };
		00207B6A1960232C003E72AF /* Images.xcassets in Resources */ = {isa = PBXBuildFile; fileRef = 00207B691960232C003E72AF /* Images.xcassets */; };
		00207B711960232C003E72AF /* XCTest.framework in Frameworks */ = {isa = PBXBuildFile; fileRef = 00207B701960232C003E72AF /* XCTest.framework */; };
		00207B721960232C003E72AF /* Foundation.framework in Frameworks */ = {isa = PBXBuildFile; fileRef = 00207B571960232C003E72AF /* Foundation.framework */; };
		00207B731960232C003E72AF /* UIKit.framework in Frameworks */ = {isa = PBXBuildFile; fileRef = 00207B5B1960232C003E72AF /* UIKit.framework */; };
		00207B7B1960232D003E72AF /* InfoPlist.strings in Resources */ = {isa = PBXBuildFile; fileRef = 00207B791960232D003E72AF /* InfoPlist.strings */; };
		00207B7D1960232D003E72AF /* TestTableViewTests.m in Sources */ = {isa = PBXBuildFile; fileRef = 00207B7C1960232D003E72AF /* TestTableViewTests.m */; };
/* End PBXBuildFile section */

/* Begin PBXContainerItemProxy section */
		00207B741960232D003E72AF /* PBXContainerItemProxy */ = {
			isa = PBXContainerItemProxy;
			containerPortal = 00207B4C1960232C003E72AF /* Project object */;
			proxyType = 1;
			remoteGlobalIDString = 00207B531960232C003E72AF;
			remoteInfo = TestTableView;
		};
/* End PBXContainerItemProxy section */

/* Begin PBXFileReference section */
		00207B541960232C003E72AF /* TestTableView.app */ = {isa = PBXFileReference; explicitFileType = wrapper.application; includeInIndex = 0; path = TestTableView.app; sourceTree = BUILT_PRODUCTS_DIR; };
		00207B571960232C003E72AF /* Foundation.framework */ = {isa = PBXFileReference; lastKnownFileType = wrapper.framework; name = Foundation.framework; path = System/Library/Frameworks/Foundation.framework; sourceTree = SDKROOT; };
		00207B591960232C003E72AF /* CoreGraphics.framework */ = {isa = PBXFileReference; lastKnownFileType = wrapper.framework; name = CoreGraphics.framework; path = System/Library/Frameworks/CoreGraphics.framework; sourceTree = SDKROOT; };
		00207B5B1960232C003E72AF /* UIKit.framework */ = {isa = PBXFileReference; lastKnownFileType = wrapper.framework; name = UIKit.framework; path = System/Library/Frameworks/UIKit.framework; sourceTree = SDKROOT; };
		00207B5F1960232C003E72AF /* TestTableView-Info.plist */ = {isa = PBXFileReference; lastKnownFileType = text.plist.xml; path = "TestTableView-Info.plist"; sourceTree = "<group>"; };
		00207B611960232C003E72AF /* en */ = {isa = PBXFileReference; lastKnownFileType = text.plist.strings; name = en; path = en.lproj/InfoPlist.strings; sourceTree = "<group>"; };
		00207B631960232C003E72AF /* main.m */ = {isa = PBXFileReference; lastKnownFileType = sourcecode.c.objc; path = main.m; sourceTree = "<group>"; };
		00207B651960232C003E72AF /* TestTableView-Prefix.pch */ = {isa = PBXFileReference; lastKnownFileType = sourcecode.c.h; path = "TestTableView-Prefix.pch"; sourceTree = "<group>"; };
		00207B661960232C003E72AF /* AppDelegate.h */ = {isa = PBXFileReference; lastKnownFileType = sourcecode.c.h; path = AppDelegate.h; sourceTree = "<group>"; };
		00207B671960232C003E72AF /* AppDelegate.m */ = {isa = PBXFileReference; lastKnownFileType = sourcecode.c.objc; path = AppDelegate.m; sourceTree = "<group>"; };
		00207B691960232C003E72AF /* Images.xcassets */ = {isa = PBXFileReference; lastKnownFileType = folder.assetcatalog; path = Images.xcassets; sourceTree = "<group>"; };
		00207B6F1960232C003E72AF /* TestTableViewTests.xctest */ = {isa = PBXFileReference; explicitFileType = wrapper.cfbundle; includeInIndex = 0; path = TestTableViewTests.xctest; sourceTree = BUILT_PRODUCTS_DIR; };
		00207B701960232C003E72AF /* XCTest.framework */ = {isa = PBXFileReference; lastKnownFileType = wrapper.framework; name = XCTest.framework; path = Library/Frameworks/XCTest.framework; sourceTree = DEVELOPER_DIR; };
		00207B781960232D003E72AF /* TestTableViewTests-Info.plist */ = {isa = PBXFileReference; lastKnownFileType = text.plist.xml; path = "TestTableViewTests-Info.plist"; sourceTree = "<group>"; };
		00207B7A1960232D003E72AF /* en */ = {isa = PBXFileReference; lastKnownFileType = text.plist.strings; name = en; path = en.lproj/InfoPlist.strings; sourceTree = "<group>"; };
		00207B7C1960232D003E72AF /* TestTableViewTests.m */ = {isa = PBXFileReference; lastKnownFileType = sourcecode.c.objc; path = TestTableViewTests.m; sourceTree = "<group>"; };
/* End PBXFileReference section */

/* Begin PBXFrameworksBuildPhase section */
		00207B511960232C003E72AF /* Frameworks */ = {
			isa = PBXFrameworksBuildPhase;
			buildActionMask = 2147483647;
			files = (
				00207B5A1960232C003E72AF /* CoreGraphics.framework in Frameworks */,
				00207B5C1960232C003E72AF /* UIKit.framework in Frameworks */,
				00207B581960232C003E72AF /* Foundation.framework in Frameworks */,
			);
			runOnlyForDeploymentPostprocessing = 0;
		};
		00207B6C1960232C003E72AF /* Frameworks */ = {
			isa = PBXFrameworksBuildPhase;
			buildActionMask = 2147483647;
			files = (
				00207B711960232C003E72AF /* XCTest.framework in Frameworks */,
				00207B731960232C003E72AF /* UIKit.framework in Frameworks */,
				00207B721960232C003E72AF /* Foundation.framework in Frameworks */,
			);
			runOnlyForDeploymentPostprocessing = 0;
		};
/* End PBXFrameworksBuildPhase section */

/* Begin PBXGroup section */
		00207B4B1960232C003E72AF = {
			isa = PBXGroup;
			children = (
				00207B5D1960232C003E72AF /* TestTableView */,
				00207B761960232D003E72AF /* TestTableViewTests */,
				00207B561960232C003E72AF /* Frameworks */,
				00207B551960232C003E72AF /* Products */,
			);
			sourceTree = "<group>";
		};
		00207B551960232C003E72AF /* Products */ = {
			isa = PBXGroup;
			children = (
				00207B541960232C003E72AF /* TestTableView.app */,
				00207B6F1960232C003E72AF /* TestTableViewTests.xctest */,
			);
			name = Products;
			sourceTree = "<group>";
		};
		00207B561960232C003E72AF /* Frameworks */ = {
			isa = PBXGroup;
			children = (
				00207B571960232C003E72AF /* Foundation.framework */,
				00207B591960232C003E72AF /* CoreGraphics.framework */,
				00207B5B1960232C003E72AF /* UIKit.framework */,
				00207B701960232C003E72AF /* XCTest.framework */,
			);
			name = Frameworks;
			sourceTree = "<group>";
		};
		00207B5D1960232C003E72AF /* TestTableView */ = {
			isa = PBXGroup;
			children = (
				00207B661960232C003E72AF /* AppDelegate.h */,
				00207B671960232C003E72AF /* AppDelegate.m */,
				00207B691960232C003E72AF /* Images.xcassets */,
				00207B5E1960232C003E72AF /* Supporting Files */,
			);
			path = TestTableView;
			sourceTree = "<group>";
		};
		00207B5E1960232C003E72AF /* Supporting Files */ = {
			isa = PBXGroup;
			children = (
				00207B5F1960232C003E72AF /* TestTableView-Info.plist */,
				00207B601960232C003E72AF /* InfoPlist.strings */,
				00207B631960232C003E72AF /* main.m */,
				00207B651960232C003E72AF /* TestTableView-Prefix.pch */,
			);
			name = "Supporting Files";
			sourceTree = "<group>";
		};
		00207B761960232D003E72AF /* TestTableViewTests */ = {
			isa = PBXGroup;
			children = (
				00207B7C1960232D003E72AF /* TestTableViewTests.m */,
				00207B771960232D003E72AF /* Supporting Files */,
			);
			path = TestTableViewTests;
			sourceTree = "<group>";
		};
		00207B771960232D003E72AF /* Supporting Files */ = {
			isa = PBXGroup;
			children = (
				00207B781960232D003E72AF /* TestTableViewTests-Info.plist */,
				00207B791960232D003E72AF /* InfoPlist.strings */,
			);
			name = "Supporting Files";
			sourceTree = "<group>";
		};
/* End PBXGroup section */

/* Begin PBXNativeTarget section */
		00207B531960232C003E72AF /* TestTableView */ = {
			isa = PBXNativeTarget;
			buildConfigurationList = 00207B801960232D003E72AF /* Build configuration list for PBXNativeTarget "TestTableView" */;
			buildPhases = (
				00207B501960232C003E72AF /* Sources */,
				00207B511960232C003E72AF /* Frameworks */,
				00207B521960232C003E72AF /* Resources */,
			);
			buildRules = (
			);
			dependencies = (
			);
			name = TestTableView;
			productName = TestTableView;
			productReference = 00207B541960232C003E72AF /* TestTableView.app */;
			productType = "com.apple.product-type.application";
		};
		00207B6E1960232C003E72AF /* TestTableViewTests */ = {
			isa = PBXNativeTarget;
			buildConfigurationList = 00207B831960232D003E72AF /* Build configuration list for PBXNativeTarget "TestTableViewTests" */;
			buildPhases = (
				00207B6B1960232C003E72AF /* Sources */,
				00207B6C1960232C003E72AF /* Frameworks */,
				00207B6D1960232C003E72AF /* Resources */,
			);
			buildRules = (
			);
			dependencies = (
				00207B751960232D003E72AF /* PBXTargetDependency */,
			);
			name = TestTableViewTests;
			productName = TestTableViewTests;
			productReference = 00207B6F1960232C003E72AF /* TestTableViewTests.xctest */;
			productType = "com.apple.product-type.bundle.unit-test";
		};
/* End PBXNativeTarget section */

/* Begin PBXProject section */
		00207B4C1960232C003E72AF /* Project object */ = {
			isa = PBXProject;
			attributes = {
				LastUpgradeCheck = 0510;
				ORGANIZATIONNAME = junzhan;
				TargetAttributes = {
					00207B6E1960232C003E72AF = {
						TestTargetID = 00207B531960232C003E72AF;
					};
				};
			};
			buildConfigurationList = 00207B4F1960232C003E72AF /* Build configuration list for PBXProject "TestTableView" */;
			compatibilityVersion = "Xcode 3.2";
			developmentRegion = English;
			hasScannedForEncodings = 0;
			knownRegions = (
				en,
			);
			mainGroup = 00207B4B1960232C003E72AF;
			productRefGroup = 00207B551960232C003E72AF /* Products */;
			projectDirPath = "";
			projectRoot = "";
			targets = (
				00207B531960232C003E72AF /* TestTableView */,
				00207B6E1960232C003E72AF /* TestTableViewTests */,
			);
		};
/* End PBXProject section */

/* Begin PBXResourcesBuildPhase section */
		00207B521960232C003E72AF /* Resources */ = {
			isa = PBXResourcesBuildPhase;
			buildActionMask = 2147483647;
			files = (
				00207B621960232C003E72AF /* InfoPlist.strings in Resources */,
				00207B6A1960232C003E72AF /* Images.xcassets in Resources */,
			);
			runOnlyForDeploymentPostprocessing = 0;
		};
		00207B6D1960232C003E72AF /* Resources */ = {
			isa = PBXResourcesBuildPhase;
			buildActionMask = 2147483647;
			files = (
				00207B7B1960232D003E72AF /* InfoPlist.strings in Resources */,
			);
			runOnlyForDeploymentPostprocessing = 0;
		};
/* End PBXResourcesBuildPhase section */

/* Begin PBXSourcesBuildPhase section */
		00207B501960232C003E72AF /* Sources */ = {
			isa = PBXSourcesBuildPhase;
			buildActionMask = 2147483647;
			files = (
				00207B681960232C003E72AF /* AppDelegate.m in Sources */,
				00207B641960232C003E72AF /* main.m in Sources */,
			);
			runOnlyForDeploymentPostprocessing = 0;
		};
		00207B6B1960232C003E72AF /* Sources */ = {
			isa = PBXSourcesBuildPhase;
			buildActionMask = 2147483647;
			files = (
				00207B7D1960232D003E72AF /* TestTableViewTests.m in Sources */,
			);
			runOnlyForDeploymentPostprocessing = 0;
		};
/* End PBXSourcesBuildPhase section */

/* Begin PBXTargetDependency section */
		00207B751960232D003E72AF /* PBXTargetDependency */ = {
			isa = PBXTargetDependency;
			target = 00207B531960232C003E72AF /* TestTableView */;
			targetProxy = 00207B741960232D003E72AF /* PBXContainerItemProxy */;
		};
/* End PBXTargetDependency section */

/* Begin PBXVariantGroup section */
		00207B601960232C003E72AF /* InfoPlist.strings */ = {
			isa = PBXVariantGroup;
			children = (
				00207B611960232C003E72AF /* en */,
			);
			name = InfoPlist.strings;
			sourceTree = "<group>";
		};
		00207B791960232D003E72AF /* InfoPlist.strings */ = {
			isa = PBXVariantGroup;
			children = (
				00207B7A1960232D003E72AF /* en */,
			);
			name = InfoPlist.strings;
			sourceTree = "<group>";
		};
/* End PBXVariantGroup section */

/* Begin XCBuildConfiguration section */
		00207B7E1960232D003E72AF /* Debug */ = {
			isa = XCBuildConfiguration;
			buildSettings = {
				ALWAYS_SEARCH_USER_PATHS = NO;
				CLANG_CXX_LANGUAGE_STANDARD = "gnu++0x";
				CLANG_CXX_LIBRARY = "libc++";
				CLANG_ENABLE_MODULES = YES;
				CLANG_ENABLE_OBJC_ARC = YES;
				CLANG_WARN_BOOL_CONVERSION = YES;
				CLANG_WARN_CONSTANT_CONVERSION = YES;
				CLANG_WARN_DIRECT_OBJC_ISA_USAGE = YES_ERROR;
				CLANG_WARN_EMPTY_BODY = YES;
				CLANG_WARN_ENUM_CONVERSION = YES;
				CLANG_WARN_INT_CONVERSION = YES;
				CLANG_WARN_OBJC_ROOT_CLASS = YES_ERROR;
				CLANG_WARN__DUPLICATE_METHOD_MATCH = YES;
				"CODE_SIGN_IDENTITY[sdk=iphoneos*]" = "iPhone Developer";
				COPY_PHASE_STRIP = NO;
				GCC_C_LANGUAGE_STANDARD = gnu99;
				GCC_DYNAMIC_NO_PIC = NO;
				GCC_OPTIMIZATION_LEVEL = 0;
				GCC_PREPROCESSOR_DEFINITIONS = (
					"DEBUG=1",
					"$(inherited)",
				);
				GCC_SYMBOLS_PRIVATE_EXTERN = NO;
				GCC_WARN_64_TO_32_BIT_CONVERSION = YES;
				GCC_WARN_ABOUT_RETURN_TYPE = YES_ERROR;
				GCC_WARN_UNDECLARED_SELECTOR = YES;
				GCC_WARN_UNINITIALIZED_AUTOS = YES_AGGRESSIVE;
				GCC_WARN_UNUSED_FUNCTION = YES;
				GCC_WARN_UNUSED_VARIABLE = YES;
				IPHONEOS_DEPLOYMENT_TARGET = 7.1;
				ONLY_ACTIVE_ARCH = YES;
				SDKROOT = iphoneos;
			};
			name = Debug;
		};
		00207B7F1960232D003E72AF /* Release */ = {
			isa = XCBuildConfiguration;
			buildSettings = {
				ALWAYS_SEARCH_USER_PATHS = NO;
				CLANG_CXX_LANGUAGE_STANDARD = "gnu++0x";
				CLANG_CXX_LIBRARY = "libc++";
				CLANG_ENABLE_MODULES = YES;
				CLANG_ENABLE_OBJC_ARC = YES;
				CLANG_WARN_BOOL_CONVERSION = YES;
				CLANG_WARN_CONSTANT_CONVERSION = YES;
				CLANG_WARN_DIRECT_OBJC_ISA_USAGE = YES_ERROR;
				CLANG_WARN_EMPTY_BODY = YES;
				CLANG_WARN_ENUM_CONVERSION = YES;
				CLANG_WARN_INT_CONVERSION = YES;
				CLANG_WARN_OBJC_ROOT_CLASS = YES_ERROR;
				CLANG_WARN__DUPLICATE_METHOD_MATCH = YES;
				"CODE_SIGN_IDENTITY[sdk=iphoneos*]" = "iPhone Developer";
				COPY_PHASE_STRIP = YES;
				ENABLE_NS_ASSERTIONS = NO;
				GCC_C_LANGUAGE_STANDARD = gnu99;
				GCC_WARN_64_TO_32_BIT_CONVERSION = YES;
				GCC_WARN_ABOUT_RETURN_TYPE = YES_ERROR;
				GCC_WARN_UNDECLARED_SELECTOR = YES;
				GCC_WARN_UNINITIALIZED_AUTOS = YES_AGGRESSIVE;
				GCC_WARN_UNUSED_FUNCTION = YES;
				GCC_WARN_UNUSED_VARIABLE = YES;
				IPHONEOS_DEPLOYMENT_TARGET = 7.1;
				SDKROOT = iphoneos;
				VALIDATE_PRODUCT = YES;
			};
			name = Release;
		};
		00207B811960232D003E72AF /* Debug */ = {
			isa = XCBuildConfiguration;
			buildSettings = {
				ASSETCATALOG_COMPILER_APPICON_NAME = AppIcon;
				ASSETCATALOG_COMPILER_LAUNCHIMAGE_NAME = LaunchImage;
				GCC_PRECOMPILE_PREFIX_HEADER = YES;
				GCC_PREFIX_HEADER = "TestTableView/TestTableView-Prefix.pch";
				INFOPLIST_FILE = "TestTableView/TestTableView-Info.plist";
				PRODUCT_NAME = "$(TARGET_NAME)";
				WRAPPER_EXTENSION = app;
			};
			name = Debug;
		};
		00207B821960232D003E72AF /* Release */ = {
			isa = XCBuildConfiguration;
			buildSettings = {
				ASSETCATALOG_COMPILER_APPICON_NAME = AppIcon;
				ASSETCATALOG_COMPILER_LAUNCHIMAGE_NAME = LaunchImage;
				GCC_PRECOMPILE_PREFIX_HEADER = YES;
				GCC_PREFIX_HEADER = "TestTableView/TestTableView-Prefix.pch";
				INFOPLIST_FILE = "TestTableView/TestTableView-Info.plist";
				PRODUCT_NAME = "$(TARGET_NAME)";
				WRAPPER_EXTENSION = app;
			};
			name = Release;
		};
		00207B841960232D003E72AF /* Debug */ = {
			isa = XCBuildConfiguration;
			buildSettings = {
				BUNDLE_LOADER = "$(BUILT_PRODUCTS_DIR)/TestTableView.app/TestTableView";
				FRAMEWORK_SEARCH_PATHS = (
					"$(SDKROOT)/Developer/Library/Frameworks",
					"$(inherited)",
					"$(DEVELOPER_FRAMEWORKS_DIR)",
				);
				GCC_PRECOMPILE_PREFIX_HEADER = YES;
				GCC_PREFIX_HEADER = "TestTableView/TestTableView-Prefix.pch";
				GCC_PREPROCESSOR_DEFINITIONS = (
					"DEBUG=1",
					"$(inherited)",
				);
				INFOPLIST_FILE = "TestTableViewTests/TestTableViewTests-Info.plist";
				PRODUCT_NAME = "$(TARGET_NAME)";
				TEST_HOST = "$(BUNDLE_LOADER)";
				WRAPPER_EXTENSION = xctest;
			};
			name = Debug;
		};
		00207B851960232D003E72AF /* Release */ = {
			isa = XCBuildConfiguration;
			buildSettings = {
				BUNDLE_LOADER = "$(BUILT_PRODUCTS_DIR)/TestTableView.app/TestTableView";
				FRAMEWORK_SEARCH_PATHS = (
					"$(SDKROOT)/Developer/Library/Frameworks",
					"$(inherited)",
					"$(DEVELOPER_FRAMEWORKS_DIR)",
				);
				GCC_PRECOMPILE_PREFIX_HEADER = YES;
				GCC_PREFIX_HEADER = "TestTableView/TestTableView-Prefix.pch";
				INFOPLIST_FILE = "TestTableViewTests/TestTableViewTests-Info.plist";
				PRODUCT_NAME = "$(TARGET_NAME)";
				TEST_HOST = "$(BUNDLE_LOADER)";
				WRAPPER_EXTENSION = xctest;
			};
			name = Release;
		};
/* End XCBuildConfiguration section */

/* Begin XCConfigurationList section */
		00207B4F1960232C003E72AF /* Build configuration list for PBXProject "TestTableView" */ = {
			isa = XCConfigurationList;
			buildConfigurations = (
				00207B7E1960232D003E72AF /* Debug */,
				00207B7F1960232D003E72AF /* Release */,
			);
			defaultConfigurationIsVisible = 0;
			defaultConfigurationName = Release;
		};
		00207B801960232D003E72AF /* Build configuration list for PBXNativeTarget "TestTableView" */ = {
			isa = XCConfigurationList;
			buildConfigurations = (
				00207B811960232D003E72AF /* Debug */,
				00207B821960232D003E72AF /* Release */,
			);
			defaultConfigurationIsVisible = 0;
		};
		00207B831960232D003E72AF /* Build configuration list for PBXNativeTarget "TestTableViewTests" */ = {
			isa = XCConfigurationList;
			buildConfigurations = (
				00207B841960232D003E72AF /* Debug */,
				00207B851960232D003E72AF /* Release */,
			);
			defaultConfigurationIsVisible = 0;
		};
/* End XCConfigurationList section */
	};
	rootObject = 00207B4C1960232C003E72AF /* Project object */;
}
